// !$*UTF8*$!
{
	archiveVersion = 1;
	classes = {
	};
	objectVersion = 45;
	objects = {

/* Begin PBXBuildFile section */
		1D3623EC0D0F72F000981E51 /* CoreGraphics.framework in Frameworks */ = {isa = PBXBuildFile; fileRef = 1D3623EB0D0F72F000981E51 /* CoreGraphics.framework */; };
		1D60589B0D05DD56006BFB54 /* main.m in Sources */ = {isa = PBXBuildFile; fileRef = 29B97316FDCFA39411CA2CEA /* main.m */; };
		1D60589F0D05DD5A006BFB54 /* Foundation.framework in Frameworks */ = {isa = PBXBuildFile; fileRef = 1D30AB110D05D00D00671497 /* Foundation.framework */; };
		1DF5F4E00D08C38300B7A737 /* UIKit.framework in Frameworks */ = {isa = PBXBuildFile; fileRef = 1DF5F4DF0D08C38300B7A737 /* UIKit.framework */; };
		8E03075512382230000616A0 /* GraphicsServices.framework in Frameworks */ = {isa = PBXBuildFile; fileRef = 8E03075412382230000616A0 /* GraphicsServices.framework */; };
		8E278438101E6BCE002772F5 /* wwanconnect.c in Sources */ = {isa = PBXBuildFile; fileRef = 8E278431101E6BCE002772F5 /* wwanconnect.c */; };
		8E3A1F090FAA199F009B0518 /* cover320x416.png in Resources */ = {isa = PBXBuildFile; fileRef = 8E3A1F080FAA199F009B0518 /* cover320x416.png */; };
		8E3E64BD1028A0EB0009F50A /* UIDevice-IOKitExtensions.m in Sources */ = {isa = PBXBuildFile; fileRef = 8E3E64B91028A0EB0009F50A /* UIDevice-IOKitExtensions.m */; };
		8E3E64BE1028A0EB0009F50A /* UIDevice-Hardware.m in Sources */ = {isa = PBXBuildFile; fileRef = 8E3E64BA1028A0EB0009F50A /* UIDevice-Hardware.m */; };
		8E3E79ED1237E44200FAD883 /* UIDevice-Capabilities.m in Sources */ = {isa = PBXBuildFile; fileRef = 8E3E79EC1237E44200FAD883 /* UIDevice-Capabilities.m */; };
		8E4156E90FA4EE0E0006D27C /* Default.png in Resources */ = {isa = PBXBuildFile; fileRef = 8E4156E70FA4EE0E0006D27C /* Default.png */; };
		8E4156EA0FA4EE0E0006D27C /* icon.png in Resources */ = {isa = PBXBuildFile; fileRef = 8E4156E80FA4EE0E0006D27C /* icon.png */; };
		8E43B864114EA15D0079785E /* UIDevice-Orientation.m in Sources */ = {isa = PBXBuildFile; fileRef = 8E43B863114EA15D0079785E /* UIDevice-Orientation.m */; };
		8E785FCB0FCDB853006EA81F /* TestBedViewController.xib in Resources */ = {isa = PBXBuildFile; fileRef = 8E785FCA0FCDB853006EA81F /* TestBedViewController.xib */; };
		8E7EA6631028A1A7004DB9E8 /* IOKit.framework in Frameworks */ = {isa = PBXBuildFile; fileRef = 8E7EA6621028A1A7004DB9E8 /* IOKit.framework */; };
		8E9B2341101E2BB0005DB65B /* UIDevice-Reachability.m in Sources */ = {isa = PBXBuildFile; fileRef = 8E9B233E101E2BB0005DB65B /* UIDevice-Reachability.m */; };
		8E9B2373101E2D3A005DB65B /* SystemConfiguration.framework in Frameworks */ = {isa = PBXBuildFile; fileRef = 8E9B2372101E2D3A005DB65B /* SystemConfiguration.framework */; };
/* End PBXBuildFile section */

/* Begin PBXFileReference section */
		1D30AB110D05D00D00671497 /* Foundation.framework */ = {isa = PBXFileReference; lastKnownFileType = wrapper.framework; name = Foundation.framework; path = System/Library/Frameworks/Foundation.framework; sourceTree = SDKROOT; };
		1D3623EB0D0F72F000981E51 /* CoreGraphics.framework */ = {isa = PBXFileReference; lastKnownFileType = wrapper.framework; name = CoreGraphics.framework; path = System/Library/Frameworks/CoreGraphics.framework; sourceTree = SDKROOT; };
		1D6058910D05DD3D006BFB54 /* HelloWorld.app */ = {isa = PBXFileReference; explicitFileType = wrapper.application; includeInIndex = 0; path = HelloWorld.app; sourceTree = BUILT_PRODUCTS_DIR; };
		1DF5F4DF0D08C38300B7A737 /* UIKit.framework */ = {isa = PBXFileReference; lastKnownFileType = wrapper.framework; name = UIKit.framework; path = System/Library/Frameworks/UIKit.framework; sourceTree = SDKROOT; };
		29B97316FDCFA39411CA2CEA /* main.m */ = {isa = PBXFileReference; fileEncoding = 4; lastKnownFileType = sourcecode.c.objc; path = main.m; sourceTree = "<group>"; };
		32CA4F630368D1EE00C91783 /* HelloWorld_Prefix.pch */ = {isa = PBXFileReference; fileEncoding = 4; lastKnownFileType = sourcecode.c.h; path = HelloWorld_Prefix.pch; sourceTree = "<group>"; };
		8D1107310486CEB800E47090 /* Info.plist */ = {isa = PBXFileReference; fileEncoding = 4; lastKnownFileType = text.plist.xml; path = Info.plist; sourceTree = "<group>"; };
		8E03075212382206000616A0 /* 40frameworks */ = {isa = PBXFileReference; lastKnownFileType = text; name = 40frameworks; path = /Users/ericasadun/40frameworks; sourceTree = "<absolute>"; };
		8E03075412382230000616A0 /* GraphicsServices.framework */ = {isa = PBXFileReference; lastKnownFileType = wrapper.framework; name = GraphicsServices.framework; path = /Developer/Platforms/iPhoneOS.platform/Developer/SDKs/iPhoneOS4.1.sdk/System/Library/PrivateFrameworks/GraphicsServices.framework; sourceTree = "<absolute>"; };
		8E278431101E6BCE002772F5 /* wwanconnect.c */ = {isa = PBXFileReference; fileEncoding = 4; lastKnownFileType = sourcecode.c.c; name = wwanconnect.c; path = "Apple Sample Code/wwanconnect.c"; sourceTree = "<group>"; };
		8E278432101E6BCE002772F5 /* wwanconnect.h */ = {isa = PBXFileReference; fileEncoding = 4; lastKnownFileType = sourcecode.c.h; name = wwanconnect.h; path = "Apple Sample Code/wwanconnect.h"; sourceTree = "<group>"; };
		8E3A1F080FAA199F009B0518 /* cover320x416.png */ = {isa = PBXFileReference; lastKnownFileType = image.png; path = cover320x416.png; sourceTree = "<group>"; };
		8E3E64B71028A0EB0009F50A /* UIDevice-Hardware.h */ = {isa = PBXFileReference; fileEncoding = 4; lastKnownFileType = sourcecode.c.h; path = "UIDevice-Hardware.h"; sourceTree = "<group>"; };
		8E3E64B91028A0EB0009F50A /* UIDevice-IOKitExtensions.m */ = {isa = PBXFileReference; fileEncoding = 4; lastKnownFileType = sourcecode.c.objc; path = "UIDevice-IOKitExtensions.m"; sourceTree = "<group>"; };
		8E3E64BA1028A0EB0009F50A /* UIDevice-Hardware.m */ = {isa = PBXFileReference; fileEncoding = 4; lastKnownFileType = sourcecode.c.objc; path = "UIDevice-Hardware.m"; sourceTree = "<group>"; };
		8E3E64BB1028A0EB0009F50A /* UIDevice-IOKitExtensions.h */ = {isa = PBXFileReference; fileEncoding = 4; lastKnownFileType = sourcecode.c.h; path = "UIDevice-IOKitExtensions.h"; sourceTree = "<group>"; };
		8E3E79EB1237E44200FAD883 /* UIDevice-Capabilities.h */ = {isa = PBXFileReference; fileEncoding = 4; lastKnownFileType = sourcecode.c.h; path = "UIDevice-Capabilities.h"; sourceTree = "<group>"; };
		8E3E79EC1237E44200FAD883 /* UIDevice-Capabilities.m */ = {isa = PBXFileReference; fileEncoding = 4; lastKnownFileType = sourcecode.c.objc; path = "UIDevice-Capabilities.m"; sourceTree = "<group>"; };
		8E4156E70FA4EE0E0006D27C /* Default.png */ = {isa = PBXFileReference; lastKnownFileType = image.png; path = Default.png; sourceTree = "<group>"; };
		8E4156E80FA4EE0E0006D27C /* icon.png */ = {isa = PBXFileReference; lastKnownFileType = image.png; path = icon.png; sourceTree = "<group>"; };
		8E43B862114EA15D0079785E /* UIDevice-Orientation.h */ = {isa = PBXFileReference; fileEncoding = 4; lastKnownFileType = sourcecode.c.h; path = "UIDevice-Orientation.h"; sourceTree = "<group>"; };
		8E43B863114EA15D0079785E /* UIDevice-Orientation.m */ = {isa = PBXFileReference; fileEncoding = 4; lastKnownFileType = sourcecode.c.objc; path = "UIDevice-Orientation.m"; sourceTree = "<group>"; };
		8E785FCA0FCDB853006EA81F /* TestBedViewController.xib */ = {isa = PBXFileReference; lastKnownFileType = file.xib; path = TestBedViewController.xib; sourceTree = "<group>"; };
		8E7D45921128878A00B184C5 /* Default-Landscape.png */ = {isa = PBXFileReference; lastKnownFileType = image.png; path = "Default-Landscape.png"; sourceTree = "<group>"; };
		8E7D45931128878A00B184C5 /* Default-Portrait.png */ = {isa = PBXFileReference; lastKnownFileType = image.png; path = "Default-Portrait.png"; sourceTree = "<group>"; };
		8E7EA6621028A1A7004DB9E8 /* IOKit.framework */ = {isa = PBXFileReference; lastKnownFileType = wrapper.framework; name = IOKit.framework; path = System/Library/Frameworks/IOKit.framework; sourceTree = SDKROOT; };
		8E9B233D101E2BB0005DB65B /* UIDevice-Reachability.h */ = {isa = PBXFileReference; fileEncoding = 4; lastKnownFileType = sourcecode.c.h; path = "UIDevice-Reachability.h"; sourceTree = "<group>"; };
		8E9B233E101E2BB0005DB65B /* UIDevice-Reachability.m */ = {isa = PBXFileReference; fileEncoding = 4; lastKnownFileType = sourcecode.c.objc; path = "UIDevice-Reachability.m"; sourceTree = "<group>"; };
		8E9B2372101E2D3A005DB65B /* SystemConfiguration.framework */ = {isa = PBXFileReference; lastKnownFileType = wrapper.framework; name = SystemConfiguration.framework; path = System/Library/Frameworks/SystemConfiguration.framework; sourceTree = SDKROOT; };
/* End PBXFileReference section */

/* Begin PBXFrameworksBuildPhase section */
		1D60588F0D05DD3D006BFB54 /* Frameworks */ = {
			isa = PBXFrameworksBuildPhase;
			buildActionMask = 2147483647;
			files = (
				1D60589F0D05DD5A006BFB54 /* Foundation.framework in Frameworks */,
				1DF5F4E00D08C38300B7A737 /* UIKit.framework in Frameworks */,
				1D3623EC0D0F72F000981E51 /* CoreGraphics.framework in Frameworks */,
				8E9B2373101E2D3A005DB65B /* SystemConfiguration.framework in Frameworks */,
				8E7EA6631028A1A7004DB9E8 /* IOKit.framework in Frameworks */,
				8E03075512382230000616A0 /* GraphicsServices.framework in Frameworks */,
			);
			runOnlyForDeploymentPostprocessing = 0;
		};
/* End PBXFrameworksBuildPhase section */

/* Begin PBXGroup section */
		19C28FACFE9D520D11CA2CBB /* Products */ = {
			isa = PBXGroup;
			children = (
				1D6058910D05DD3D006BFB54 /* HelloWorld.app */,
			);
			name = Products;
			sourceTree = "<group>";
		};
		29B97314FDCFA39411CA2CEA /* CustomTemplate */ = {
			isa = PBXGroup;
			children = (
				29B97316FDCFA39411CA2CEA /* main.m */,
				8E3E64B71028A0EB0009F50A /* UIDevice-Hardware.h */,
				8E3E64BA1028A0EB0009F50A /* UIDevice-Hardware.m */,
				8E3E79EB1237E44200FAD883 /* UIDevice-Capabilities.h */,
				8E3E79EC1237E44200FAD883 /* UIDevice-Capabilities.m */,
				8E3E64BB1028A0EB0009F50A /* UIDevice-IOKitExtensions.h */,
				8E3E64B91028A0EB0009F50A /* UIDevice-IOKitExtensions.m */,
				8E9B233D101E2BB0005DB65B /* UIDevice-Reachability.h */,
				8E9B233E101E2BB0005DB65B /* UIDevice-Reachability.m */,
				8E43B862114EA15D0079785E /* UIDevice-Orientation.h */,
				8E43B863114EA15D0079785E /* UIDevice-Orientation.m */,
				8E27843B101E6BD3002772F5 /* Apple */,
				8EB688610FA64AD100489E4B /* Support */,
				29B97323FDCFA39411CA2CEA /* Frameworks */,
				19C28FACFE9D520D11CA2CBB /* Products */,
				8E03075212382206000616A0 /* 40frameworks */,
				8E03075412382230000616A0 /* GraphicsServices.framework */,
			);
			name = CustomTemplate;
			sourceTree = "<group>";
		};
		29B97323FDCFA39411CA2CEA /* Frameworks */ = {
			isa = PBXGroup;
			children = (
				8E7EA6621028A1A7004DB9E8 /* IOKit.framework */,
				8E9B2372101E2D3A005DB65B /* SystemConfiguration.framework */,
				1D3623EB0D0F72F000981E51 /* CoreGraphics.framework */,
				1D30AB110D05D00D00671497 /* Foundation.framework */,
				1DF5F4DF0D08C38300B7A737 /* UIKit.framework */,
			);
			name = Frameworks;
			sourceTree = "<group>";
		};
		8E27843B101E6BD3002772F5 /* Apple */ = {
			isa = PBXGroup;
			children = (
				8E278431101E6BCE002772F5 /* wwanconnect.c */,
				8E278432101E6BCE002772F5 /* wwanconnect.h */,
			);
			name = Apple;
			sourceTree = "<group>";
		};
		8EB688610FA64AD100489E4B /* Support */ = {
			isa = PBXGroup;
			children = (
				8E7D45921128878A00B184C5 /* Default-Landscape.png */,
				8E7D45931128878A00B184C5 /* Default-Portrait.png */,
				8E785FCA0FCDB853006EA81F /* TestBedViewController.xib */,
				8E3A1F080FAA199F009B0518 /* cover320x416.png */,
				32CA4F630368D1EE00C91783 /* HelloWorld_Prefix.pch */,
				8D1107310486CEB800E47090 /* Info.plist */,
				8E4156E80FA4EE0E0006D27C /* icon.png */,
				8E4156E70FA4EE0E0006D27C /* Default.png */,
			);
			name = Support;
			sourceTree = "<group>";
		};
/* End PBXGroup section */

/* Begin PBXNativeTarget section */
		1D6058900D05DD3D006BFB54 /* HelloWorld */ = {
			isa = PBXNativeTarget;
			buildConfigurationList = 1D6058960D05DD3E006BFB54 /* Build configuration list for PBXNativeTarget "HelloWorld" */;
			buildPhases = (
				1D60588D0D05DD3D006BFB54 /* Resources */,
				1D60588E0D05DD3D006BFB54 /* Sources */,
				1D60588F0D05DD3D006BFB54 /* Frameworks */,
			);
			buildRules = (
			);
			dependencies = (
			);
			name = HelloWorld;
			productName = HelloWorld;
			productReference = 1D6058910D05DD3D006BFB54 /* HelloWorld.app */;
			productType = "com.apple.product-type.application";
		};
/* End PBXNativeTarget section */

/* Begin PBXProject section */
		29B97313FDCFA39411CA2CEA /* Project object */ = {
			isa = PBXProject;
			buildConfigurationList = C01FCF4E08A954540054247B /* Build configuration list for PBXProject "HelloWorld" */;
			compatibilityVersion = "Xcode 3.1";
			developmentRegion = English;
			hasScannedForEncodings = 1;
			knownRegions = (
				English,
				Japanese,
				French,
				German,
			);
			mainGroup = 29B97314FDCFA39411CA2CEA /* CustomTemplate */;
			projectDirPath = "";
			projectRoot = "";
			targets = (
				1D6058900D05DD3D006BFB54 /* HelloWorld */,
			);
		};
/* End PBXProject section */

/* Begin PBXResourcesBuildPhase section */
		1D60588D0D05DD3D006BFB54 /* Resources */ = {
			isa = PBXResourcesBuildPhase;
			buildActionMask = 2147483647;
			files = (
				8E4156E90FA4EE0E0006D27C /* Default.png in Resources */,
				8E4156EA0FA4EE0E0006D27C /* icon.png in Resources */,
				8E3A1F090FAA199F009B0518 /* cover320x416.png in Resources */,
				8E785FCB0FCDB853006EA81F /* TestBedViewController.xib in Resources */,
			);
			runOnlyForDeploymentPostprocessing = 0;
		};
/* End PBXResourcesBuildPhase section */

/* Begin PBXSourcesBuildPhase section */
		1D60588E0D05DD3D006BFB54 /* Sources */ = {
			isa = PBXSourcesBuildPhase;
			buildActionMask = 2147483647;
			files = (
				1D60589B0D05DD56006BFB54 /* main.m in Sources */,
				8E9B2341101E2BB0005DB65B /* UIDevice-Reachability.m in Sources */,
				8E278438101E6BCE002772F5 /* wwanconnect.c in Sources */,
				8E3E64BD1028A0EB0009F50A /* UIDevice-IOKitExtensions.m in Sources */,
				8E3E64BE1028A0EB0009F50A /* UIDevice-Hardware.m in Sources */,
				8E43B864114EA15D0079785E /* UIDevice-Orientation.m in Sources */,
				8E3E79ED1237E44200FAD883 /* UIDevice-Capabilities.m in Sources */,
			);
			runOnlyForDeploymentPostprocessing = 0;
		};
/* End PBXSourcesBuildPhase section */

/* Begin XCBuildConfiguration section */
		1D6058940D05DD3E006BFB54 /* Debug */ = {
			isa = XCBuildConfiguration;
			buildSettings = {
				"CODE_SIGN_IDENTITY[sdk=iphoneos*]" = "iPhone Developer: Erica Sadun";
				COPY_PHASE_STRIP = NO;
				DEBUG_INFORMATION_FORMAT = "dwarf-with-dsym";
				FRAMEWORK_SEARCH_PATHS = (
					"$(inherited)",
					"\"$(SDKROOT)$(SYSTEM_LIBRARY_DIR)/PrivateFrameworks\"",
				);
				GCC_DYNAMIC_NO_PIC = NO;
				GCC_ENABLE_FIX_AND_CONTINUE = NO;
				GCC_OPTIMIZATION_LEVEL = 0;
				GCC_PRECOMPILE_PREFIX_HEADER = YES;
				GCC_PREFIX_HEADER = HelloWorld_Prefix.pch;
				INFOPLIST_FILE = Info.plist;
				PREBINDING = NO;
				PRODUCT_NAME = HelloWorld;
				SDKROOT = iphoneos4.1;
				TARGETED_DEVICE_FAMILY = 1;
			};
			name = Debug;
		};
		1D6058950D05DD3E006BFB54 /* Release */ = {
			isa = XCBuildConfiguration;
			buildSettings = {
				COPY_PHASE_STRIP = YES;
				DEBUG_INFORMATION_FORMAT = "dwarf-with-dsym";
				FRAMEWORK_SEARCH_PATHS = (
					"$(inherited)",
					"\"$(SDKROOT)$(SYSTEM_LIBRARY_DIR)/PrivateFrameworks\"",
				);
				GCC_ENABLE_FIX_AND_CONTINUE = NO;
				GCC_PRECOMPILE_PREFIX_HEADER = YES;
				GCC_PREFIX_HEADER = HelloWorld_Prefix.pch;
				INFOPLIST_FILE = Info.plist;
				PREBINDING = NO;
				PRODUCT_NAME = HelloWorld;
				SDKROOT = iphoneos3.2;
				TARGETED_DEVICE_FAMILY = "1,2";
				WRAPPER_EXTENSION = app;
			};
			name = Release;
		};
		C01FCF4F08A954540054247B /* Debug */ = {
			isa = XCBuildConfiguration;
			buildSettings = {
				ALWAYS_SEARCH_USER_PATHS = NO;
				ARCHS = "$(ARCHS_STANDARD_32_BIT)";
				CODE_SIGN_IDENTITY = "Erica Sadun";
				"CODE_SIGN_IDENTITY[sdk=iphonesimulator*]" = "iPhone Developer";
				GCC_C_LANGUAGE_STANDARD = c99;
				GCC_WARN_ABOUT_RETURN_TYPE = YES;
				GCC_WARN_UNUSED_VARIABLE = YES;
				ONLY_ACTIVE_ARCH = YES;
				PREBINDING = NO;
				PRODUCT_NAME = "";
				SDKROOT = iphoneos3.0;
			};
			name = Debug;
		};
		C01FCF5008A954540054247B /* Release */ = {
			isa = XCBuildConfiguration;
			buildSettings = {
				ARCHS = "$(ARCHS_STANDARD_32_BIT)";
				PREBINDING = NO;
				SDKROOT = iphoneos2.0;
			};
			name = Release;
		};
/* End XCBuildConfiguration section */

/* Begin XCConfigurationList section */
		1D6058960D05DD3E006BFB54 /* Build configuration list for PBXNativeTarget "HelloWorld" */ = {
			isa = XCConfigurationList;
			buildConfigurations = (
				1D6058940D05DD3E006BFB54 /* Debug */,
				1D6058950D05DD3E006BFB54 /* Release */,
			);
			defaultConfigurationIsVisible = 0;
			defaultConfigurationName = Release;
		};
		C01FCF4E08A954540054247B /* Build configuration list for PBXProject "HelloWorld" */ = {
			isa = XCConfigurationList;
			buildConfigurations = (
				C01FCF4F08A954540054247B /* Debug */,
				C01FCF5008A954540054247B /* Release */,
			);
			defaultConfigurationIsVisible = 0;
			defaultConfigurationName = Release;
		};
/* End XCConfigurationList section */
	};
	rootObject = 29B97313FDCFA39411CA2CEA /* Project object */;
}
